
Microsoft Visual Studio Solution File, Format Version 12.00
# Visual Studio Version 16
VisualStudioVersion = 16.0.32126.315
MinimumVisualStudioVersion = 10.0.40219.1
Project("{FAE04EC0-301F-11D3-BF4B-00C04F79EFBC}") = "MyLittleChat", "MyLittleChat\MyLittleChat.csproj", "{CBB5B0B2-CF9B-4246-84CA-5811A9EC1A9B}"
EndProject
Global
	GlobalSection(SolutionConfigurationPlatforms) = preSolution
		Debug|Any CPU = Debug|Any CPU
		Release|Any CPU = Release|Any CPU
	EndGlobalSection
	GlobalSection(ProjectConfigurationPlatforms) = postSolution
		{CBB5B0B2-CF9B-4246-84CA-5811A9EC1A9B}.Debug|Any CPU.ActiveCfg = Debug|Any CPU
		{CBB5B0B2-CF9B-4246-84CA-5811A9EC1A9B}.Debug|Any CPU.Build.0 = Debug|Any CPU
		{CBB5B0B2-CF9B-4246-84CA-5811A9EC1A9B}.Release|Any CPU.ActiveCfg = Release|Any CPU
		{CBB5B0B2-CF9B-4246-84CA-5811A9EC1A9B}.Release|Any CPU.Build.0 = Release|Any CPU
	EndGlobalSection
	GlobalSection(SolutionProperties) = preSolution
		HideSolutionNode = FALSE
	EndGlobalSection
	GlobalSection(ExtensibilityGlobals) = postSolution
		SolutionGuid = {2F8EFBFA-D349-47A6-919D-EACDF4215240}
	EndGlobalSection
EndGlobal
